// !$*UTF8*$!
{
	archiveVersion = 1;
	classes = {
	};
	objectVersion = 46;
	objects = {

/* Begin PBXBuildFile section */
		6575E088767143DEB0176DDF /* libPods-DXHTTPKitTests.a in Frameworks */ = {isa = PBXBuildFile; fileRef = 178C3258A7284934903EF15F /* libPods-DXHTTPKitTests.a */; };
		ADE7EE1D162C9D360061F3F8 /* DXHTTPParamsSpec.m in Sources */ = {isa = PBXBuildFile; fileRef = ADE7EE1C162C9D360061F3F8 /* DXHTTPParamsSpec.m */; };
		ADE7EE32162CA0380061F3F8 /* DXHTTPParam.m in Sources */ = {isa = PBXBuildFile; fileRef = ADE7EE31162CA0380061F3F8 /* DXHTTPParam.m */; };
		ADE7EE35162CA3860061F3F8 /* DXHTTPFormParam.m in Sources */ = {isa = PBXBuildFile; fileRef = ADE7EE34162CA3860061F3F8 /* DXHTTPFormParam.m */; };
		ADE7EE3B162CA5FF0061F3F8 /* DXHTTPFormFileDescriptor.m in Sources */ = {isa = PBXBuildFile; fileRef = ADE7EE3A162CA5FF0061F3F8 /* DXHTTPFormFileDescriptor.m */; };
		ADFB0AC2162C99AB00AC5954 /* Foundation.framework in Frameworks */ = {isa = PBXBuildFile; fileRef = ADFB0AC1162C99AB00AC5954 /* Foundation.framework */; };
		ADFB0AD1162C99AB00AC5954 /* SenTestingKit.framework in Frameworks */ = {isa = PBXBuildFile; fileRef = ADFB0AD0162C99AB00AC5954 /* SenTestingKit.framework */; };
		ADFB0AD3162C99AB00AC5954 /* UIKit.framework in Frameworks */ = {isa = PBXBuildFile; fileRef = ADFB0AD2162C99AB00AC5954 /* UIKit.framework */; };
		ADFB0AD4162C99AB00AC5954 /* Foundation.framework in Frameworks */ = {isa = PBXBuildFile; fileRef = ADFB0AC1162C99AB00AC5954 /* Foundation.framework */; };
		ADFB0AD7162C99AB00AC5954 /* libDXHTTPKit.a in Frameworks */ = {isa = PBXBuildFile; fileRef = ADFB0ABE162C99AB00AC5954 /* libDXHTTPKit.a */; };
		ADFB0ADD162C99AB00AC5954 /* InfoPlist.strings in Resources */ = {isa = PBXBuildFile; fileRef = ADFB0ADB162C99AB00AC5954 /* InfoPlist.strings */; };
/* End PBXBuildFile section */

/* Begin PBXContainerItemProxy section */
		ADFB0AD5162C99AB00AC5954 /* PBXContainerItemProxy */ = {
			isa = PBXContainerItemProxy;
			containerPortal = ADFB0AB5162C99AB00AC5954 /* Project object */;
			proxyType = 1;
			remoteGlobalIDString = ADFB0ABD162C99AB00AC5954;
			remoteInfo = DXHTTPKit;
		};
/* End PBXContainerItemProxy section */

/* Begin PBXCopyFilesBuildPhase section */
		ADFB0ABC162C99AB00AC5954 /* CopyFiles */ = {
			isa = PBXCopyFilesBuildPhase;
			buildActionMask = 2147483647;
			dstPath = "include/${PRODUCT_NAME}";
			dstSubfolderSpec = 16;
			files = (
			);
			runOnlyForDeploymentPostprocessing = 0;
		};
/* End PBXCopyFilesBuildPhase section */

/* Begin PBXFileReference section */
		178C3258A7284934903EF15F /* libPods-DXHTTPKitTests.a */ = {isa = PBXFileReference; explicitFileType = archive.ar; includeInIndex = 0; path = "libPods-DXHTTPKitTests.a"; sourceTree = BUILT_PRODUCTS_DIR; };
		7B6A58196C7C4D9A8DE45EAD /* Pods-DXHTTPKitTests.xcconfig */ = {isa = PBXFileReference; includeInIndex = 1; lastKnownFileType = text.xcconfig; name = "Pods-DXHTTPKitTests.xcconfig"; path = "Pods/Pods-DXHTTPKitTests.xcconfig"; sourceTree = SOURCE_ROOT; };
		ADE7EE1C162C9D360061F3F8 /* DXHTTPParamsSpec.m */ = {isa = PBXFileReference; fileEncoding = 4; lastKnownFileType = sourcecode.c.objc; path = DXHTTPParamsSpec.m; sourceTree = "<group>"; };
		ADE7EE30162CA0380061F3F8 /* DXHTTPParam.h */ = {isa = PBXFileReference; fileEncoding = 4; lastKnownFileType = sourcecode.c.h; path = DXHTTPParam.h; sourceTree = "<group>"; };
		ADE7EE31162CA0380061F3F8 /* DXHTTPParam.m */ = {isa = PBXFileReference; fileEncoding = 4; lastKnownFileType = sourcecode.c.objc; path = DXHTTPParam.m; sourceTree = "<group>"; };
		ADE7EE33162CA3860061F3F8 /* DXHTTPFormParam.h */ = {isa = PBXFileReference; fileEncoding = 4; lastKnownFileType = sourcecode.c.h; path = DXHTTPFormParam.h; sourceTree = "<group>"; };
		ADE7EE34162CA3860061F3F8 /* DXHTTPFormParam.m */ = {isa = PBXFileReference; fileEncoding = 4; lastKnownFileType = sourcecode.c.objc; path = DXHTTPFormParam.m; sourceTree = "<group>"; };
		ADE7EE38162CA5EB0061F3F8 /* DXHTTPFormBinaryDataValue.h */ = {isa = PBXFileReference; fileEncoding = 4; lastKnownFileType = sourcecode.c.h; path = DXHTTPFormBinaryDataValue.h; sourceTree = "<group>"; };
		ADE7EE39162CA5FF0061F3F8 /* DXHTTPFormFileDescriptor.h */ = {isa = PBXFileReference; fileEncoding = 4; lastKnownFileType = sourcecode.c.h; path = DXHTTPFormFileDescriptor.h; sourceTree = "<group>"; };
		ADE7EE3A162CA5FF0061F3F8 /* DXHTTPFormFileDescriptor.m */ = {isa = PBXFileReference; fileEncoding = 4; lastKnownFileType = sourcecode.c.objc; path = DXHTTPFormFileDescriptor.m; sourceTree = "<group>"; };
		ADFB0ABE162C99AB00AC5954 /* libDXHTTPKit.a */ = {isa = PBXFileReference; explicitFileType = archive.ar; includeInIndex = 0; path = libDXHTTPKit.a; sourceTree = BUILT_PRODUCTS_DIR; };
		ADFB0AC1162C99AB00AC5954 /* Foundation.framework */ = {isa = PBXFileReference; includeInIndex = 1; lastKnownFileType = wrapper.framework; name = Foundation.framework; path = System/Library/Frameworks/Foundation.framework; sourceTree = SDKROOT; };
		ADFB0AC5162C99AB00AC5954 /* DXHTTPKit-Prefix.pch */ = {isa = PBXFileReference; lastKnownFileType = sourcecode.c.h; path = "DXHTTPKit-Prefix.pch"; sourceTree = "<group>"; };
		ADFB0ACF162C99AB00AC5954 /* DXHTTPKitTests.octest */ = {isa = PBXFileReference; explicitFileType = wrapper.cfbundle; includeInIndex = 0; path = DXHTTPKitTests.octest; sourceTree = BUILT_PRODUCTS_DIR; };
		ADFB0AD0162C99AB00AC5954 /* SenTestingKit.framework */ = {isa = PBXFileReference; includeInIndex = 1; lastKnownFileType = wrapper.framework; name = SenTestingKit.framework; path = Library/Frameworks/SenTestingKit.framework; sourceTree = DEVELOPER_DIR; };
		ADFB0AD2162C99AB00AC5954 /* UIKit.framework */ = {isa = PBXFileReference; includeInIndex = 1; lastKnownFileType = wrapper.framework; name = UIKit.framework; path = Library/Frameworks/UIKit.framework; sourceTree = DEVELOPER_DIR; };
		ADFB0ADA162C99AB00AC5954 /* DXHTTPKitTests-Info.plist */ = {isa = PBXFileReference; lastKnownFileType = text.plist.xml; path = "DXHTTPKitTests-Info.plist"; sourceTree = "<group>"; };
		ADFB0ADC162C99AB00AC5954 /* en */ = {isa = PBXFileReference; lastKnownFileType = text.plist.strings; name = en; path = en.lproj/InfoPlist.strings; sourceTree = "<group>"; };
/* End PBXFileReference section */

/* Begin PBXFrameworksBuildPhase section */
		ADFB0ABB162C99AB00AC5954 /* Frameworks */ = {
			isa = PBXFrameworksBuildPhase;
			buildActionMask = 2147483647;
			files = (
				ADFB0AC2162C99AB00AC5954 /* Foundation.framework in Frameworks */,
			);
			runOnlyForDeploymentPostprocessing = 0;
		};
		ADFB0ACB162C99AB00AC5954 /* Frameworks */ = {
			isa = PBXFrameworksBuildPhase;
			buildActionMask = 2147483647;
			files = (
				ADFB0AD1162C99AB00AC5954 /* SenTestingKit.framework in Frameworks */,
				ADFB0AD3162C99AB00AC5954 /* UIKit.framework in Frameworks */,
				ADFB0AD4162C99AB00AC5954 /* Foundation.framework in Frameworks */,
				ADFB0AD7162C99AB00AC5954 /* libDXHTTPKit.a in Frameworks */,
				6575E088767143DEB0176DDF /* libPods-DXHTTPKitTests.a in Frameworks */,
			);
			runOnlyForDeploymentPostprocessing = 0;
		};
/* End PBXFrameworksBuildPhase section */

/* Begin PBXGroup section */
		ADE7EE1B162C9D2D0061F3F8 /* Specs */ = {
			isa = PBXGroup;
			children = (
				ADE7EE1C162C9D360061F3F8 /* DXHTTPParamsSpec.m */,
			);
			path = Specs;
			sourceTree = "<group>";
		};
		ADE7EE2D162C9F5B0061F3F8 /* Code */ = {
			isa = PBXGroup;
			children = (
				ADE7EE2E162C9F660061F3F8 /* Request */,
			);
			path = Code;
			sourceTree = "<group>";
		};
		ADE7EE2E162C9F660061F3F8 /* Request */ = {
			isa = PBXGroup;
			children = (
				ADE7EE2F162C9F6D0061F3F8 /* Params */,
			);
			path = Request;
			sourceTree = "<group>";
		};
		ADE7EE2F162C9F6D0061F3F8 /* Params */ = {
			isa = PBXGroup;
			children = (
				ADE7EE37162CA5E00061F3F8 /* FormBinaryData */,
				ADE7EE30162CA0380061F3F8 /* DXHTTPParam.h */,
				ADE7EE31162CA0380061F3F8 /* DXHTTPParam.m */,
				ADE7EE33162CA3860061F3F8 /* DXHTTPFormParam.h */,
				ADE7EE34162CA3860061F3F8 /* DXHTTPFormParam.m */,
			);
			path = Params;
			sourceTree = "<group>";
		};
		ADE7EE37162CA5E00061F3F8 /* FormBinaryData */ = {
			isa = PBXGroup;
			children = (
				ADE7EE38162CA5EB0061F3F8 /* DXHTTPFormBinaryDataValue.h */,
				ADE7EE39162CA5FF0061F3F8 /* DXHTTPFormFileDescriptor.h */,
				ADE7EE3A162CA5FF0061F3F8 /* DXHTTPFormFileDescriptor.m */,
			);
			path = FormBinaryData;
			sourceTree = "<group>";
		};
		ADFB0AB3162C99AB00AC5954 = {
			isa = PBXGroup;
			children = (
				ADFB0AC3162C99AB00AC5954 /* DXHTTPKit */,
				ADFB0AD8162C99AB00AC5954 /* DXHTTPKitTests */,
				ADFB0AC0162C99AB00AC5954 /* Frameworks */,
				ADFB0ABF162C99AB00AC5954 /* Products */,
				7B6A58196C7C4D9A8DE45EAD /* Pods-DXHTTPKitTests.xcconfig */,
			);
			sourceTree = "<group>";
		};
		ADFB0ABF162C99AB00AC5954 /* Products */ = {
			isa = PBXGroup;
			children = (
				ADFB0ABE162C99AB00AC5954 /* libDXHTTPKit.a */,
				ADFB0ACF162C99AB00AC5954 /* DXHTTPKitTests.octest */,
			);
			name = Products;
			sourceTree = "<group>";
		};
		ADFB0AC0162C99AB00AC5954 /* Frameworks */ = {
			isa = PBXGroup;
			children = (
				ADFB0AC1162C99AB00AC5954 /* Foundation.framework */,
				ADFB0AD0162C99AB00AC5954 /* SenTestingKit.framework */,
				ADFB0AD2162C99AB00AC5954 /* UIKit.framework */,
				178C3258A7284934903EF15F /* libPods-DXHTTPKitTests.a */,
			);
			name = Frameworks;
			sourceTree = "<group>";
		};
		ADFB0AC3162C99AB00AC5954 /* DXHTTPKit */ = {
			isa = PBXGroup;
			children = (
				ADE7EE2D162C9F5B0061F3F8 /* Code */,
				ADFB0AC4162C99AB00AC5954 /* Supporting Files */,
			);
			path = DXHTTPKit;
			sourceTree = "<group>";
		};
		ADFB0AC4162C99AB00AC5954 /* Supporting Files */ = {
			isa = PBXGroup;
			children = (
				ADFB0AC5162C99AB00AC5954 /* DXHTTPKit-Prefix.pch */,
			);
			name = "Supporting Files";
			sourceTree = "<group>";
		};
		ADFB0AD8162C99AB00AC5954 /* DXHTTPKitTests */ = {
			isa = PBXGroup;
			children = (
				ADE7EE1B162C9D2D0061F3F8 /* Specs */,
				ADFB0AD9162C99AB00AC5954 /* Supporting Files */,
			);
			path = DXHTTPKitTests;
			sourceTree = "<group>";
		};
		ADFB0AD9162C99AB00AC5954 /* Supporting Files */ = {
			isa = PBXGroup;
			children = (
				ADFB0ADA162C99AB00AC5954 /* DXHTTPKitTests-Info.plist */,
				ADFB0ADB162C99AB00AC5954 /* InfoPlist.strings */,
			);
			name = "Supporting Files";
			sourceTree = "<group>";
		};
/* End PBXGroup section */

/* Begin PBXNativeTarget section */
		ADFB0ABD162C99AB00AC5954 /* DXHTTPKit */ = {
			isa = PBXNativeTarget;
			buildConfigurationList = ADFB0AE3162C99AB00AC5954 /* Build configuration list for PBXNativeTarget "DXHTTPKit" */;
			buildPhases = (
				ADFB0ABA162C99AB00AC5954 /* Sources */,
				ADFB0ABB162C99AB00AC5954 /* Frameworks */,
				ADFB0ABC162C99AB00AC5954 /* CopyFiles */,
			);
			buildRules = (
			);
			dependencies = (
			);
			name = DXHTTPKit;
			productName = DXHTTPKit;
			productReference = ADFB0ABE162C99AB00AC5954 /* libDXHTTPKit.a */;
			productType = "com.apple.product-type.library.static";
		};
		ADFB0ACE162C99AB00AC5954 /* DXHTTPKitTests */ = {
			isa = PBXNativeTarget;
			buildConfigurationList = ADFB0AE6162C99AB00AC5954 /* Build configuration list for PBXNativeTarget "DXHTTPKitTests" */;
			buildPhases = (
				ADFB0ACA162C99AB00AC5954 /* Sources */,
				ADFB0ACB162C99AB00AC5954 /* Frameworks */,
				ADFB0ACC162C99AB00AC5954 /* Resources */,
				ADFB0ACD162C99AB00AC5954 /* ShellScript */,
				C0B27C9256D84A3390041300 /* Copy Pods Resources */,
			);
			buildRules = (
			);
			dependencies = (
				ADFB0AD6162C99AB00AC5954 /* PBXTargetDependency */,
			);
			name = DXHTTPKitTests;
			productName = DXHTTPKitTests;
			productReference = ADFB0ACF162C99AB00AC5954 /* DXHTTPKitTests.octest */;
			productType = "com.apple.product-type.bundle";
		};
/* End PBXNativeTarget section */

/* Begin PBXProject section */
		ADFB0AB5162C99AB00AC5954 /* Project object */ = {
			isa = PBXProject;
			attributes = {
				CLASSPREFIX = DXHTTP;
				LastUpgradeCheck = 0450;
				ORGANIZATIONNAME = 111Minutes;
			};
			buildConfigurationList = ADFB0AB8162C99AB00AC5954 /* Build configuration list for PBXProject "DXHTTPKit" */;
			compatibilityVersion = "Xcode 3.2";
			developmentRegion = English;
			hasScannedForEncodings = 0;
			knownRegions = (
				en,
			);
			mainGroup = ADFB0AB3162C99AB00AC5954;
			productRefGroup = ADFB0ABF162C99AB00AC5954 /* Products */;
			projectDirPath = "";
			projectRoot = "";
			targets = (
				ADFB0ABD162C99AB00AC5954 /* DXHTTPKit */,
				ADFB0ACE162C99AB00AC5954 /* DXHTTPKitTests */,
			);
		};
/* End PBXProject section */

/* Begin PBXResourcesBuildPhase section */
		ADFB0ACC162C99AB00AC5954 /* Resources */ = {
			isa = PBXResourcesBuildPhase;
			buildActionMask = 2147483647;
			files = (
				ADFB0ADD162C99AB00AC5954 /* InfoPlist.strings in Resources */,
			);
			runOnlyForDeploymentPostprocessing = 0;
		};
/* End PBXResourcesBuildPhase section */

/* Begin PBXShellScriptBuildPhase section */
		ADFB0ACD162C99AB00AC5954 /* ShellScript */ = {
			isa = PBXShellScriptBuildPhase;
			buildActionMask = 2147483647;
			files = (
			);
			inputPaths = (
			);
			outputPaths = (
			);
			runOnlyForDeploymentPostprocessing = 0;
			shellPath = /bin/sh;
			shellScript = "# Run the unit tests in this test bundle.\n\"${SYSTEM_DEVELOPER_DIR}/Tools/RunUnitTests\"\n";
		};
		C0B27C9256D84A3390041300 /* Copy Pods Resources */ = {
			isa = PBXShellScriptBuildPhase;
			buildActionMask = 2147483647;
			files = (
			);
			inputPaths = (
			);
			name = "Copy Pods Resources";
			outputPaths = (
			);
			runOnlyForDeploymentPostprocessing = 0;
			shellPath = /bin/sh;
			shellScript = "\"${SRCROOT}/Pods/Pods-DXHTTPKitTests-resources.sh\"\n";
		};
/* End PBXShellScriptBuildPhase section */

/* Begin PBXSourcesBuildPhase section */
		ADFB0ABA162C99AB00AC5954 /* Sources */ = {
			isa = PBXSourcesBuildPhase;
			buildActionMask = 2147483647;
			files = (
				ADE7EE32162CA0380061F3F8 /* DXHTTPParam.m in Sources */,
				ADE7EE35162CA3860061F3F8 /* DXHTTPFormParam.m in Sources */,
				ADE7EE3B162CA5FF0061F3F8 /* DXHTTPFormFileDescriptor.m in Sources */,
			);
			runOnlyForDeploymentPostprocessing = 0;
		};
		ADFB0ACA162C99AB00AC5954 /* Sources */ = {
			isa = PBXSourcesBuildPhase;
			buildActionMask = 2147483647;
			files = (
				ADE7EE1D162C9D360061F3F8 /* DXHTTPParamsSpec.m in Sources */,
			);
			runOnlyForDeploymentPostprocessing = 0;
		};
/* End PBXSourcesBuildPhase section */

/* Begin PBXTargetDependency section */
		ADFB0AD6162C99AB00AC5954 /* PBXTargetDependency */ = {
			isa = PBXTargetDependency;
			target = ADFB0ABD162C99AB00AC5954 /* DXHTTPKit */;
			targetProxy = ADFB0AD5162C99AB00AC5954 /* PBXContainerItemProxy */;
		};
/* End PBXTargetDependency section */

/* Begin PBXVariantGroup section */
		ADFB0ADB162C99AB00AC5954 /* InfoPlist.strings */ = {
			isa = PBXVariantGroup;
			children = (
				ADFB0ADC162C99AB00AC5954 /* en */,
			);
			name = InfoPlist.strings;
			sourceTree = "<group>";
		};
/* End PBXVariantGroup section */

/* Begin XCBuildConfiguration section */
		ADFB0AE1162C99AB00AC5954 /* Debug */ = {
			isa = XCBuildConfiguration;
			buildSettings = {
				ALWAYS_SEARCH_USER_PATHS = NO;
				CLANG_CXX_LANGUAGE_STANDARD = "gnu++0x";
				CLANG_CXX_LIBRARY = "libc++";
				CLANG_ENABLE_OBJC_ARC = YES;
				CLANG_WARN_EMPTY_BODY = YES;
				CLANG_WARN__DUPLICATE_METHOD_MATCH = YES;
				COPY_PHASE_STRIP = NO;
				GCC_C_LANGUAGE_STANDARD = gnu99;
				GCC_DYNAMIC_NO_PIC = NO;
				GCC_OPTIMIZATION_LEVEL = 0;
				GCC_PREPROCESSOR_DEFINITIONS = (
					"DEBUG=1",
					"$(inherited)",
				);
				GCC_SYMBOLS_PRIVATE_EXTERN = NO;
				GCC_TREAT_WARNINGS_AS_ERRORS = YES;
				GCC_WARN_ABOUT_MISSING_NEWLINE = NO;
				GCC_WARN_ABOUT_RETURN_TYPE = YES;
				GCC_WARN_UNINITIALIZED_AUTOS = YES;
				GCC_WARN_UNUSED_VARIABLE = YES;
				IPHONEOS_DEPLOYMENT_TARGET = 6.0;
				ONLY_ACTIVE_ARCH = YES;
				SDKROOT = iphoneos;
			};
			name = Debug;
		};
		ADFB0AE2162C99AB00AC5954 /* Release */ = {
			isa = XCBuildConfiguration;
			buildSettings = {
				ALWAYS_SEARCH_USER_PATHS = NO;
				CLANG_CXX_LANGUAGE_STANDARD = "gnu++0x";
				CLANG_CXX_LIBRARY = "libc++";
				CLANG_ENABLE_OBJC_ARC = YES;
				CLANG_WARN_EMPTY_BODY = YES;
				CLANG_WARN__DUPLICATE_METHOD_MATCH = YES;
				COPY_PHASE_STRIP = YES;
				GCC_C_LANGUAGE_STANDARD = gnu99;
				GCC_TREAT_WARNINGS_AS_ERRORS = YES;
				GCC_WARN_ABOUT_MISSING_NEWLINE = NO;
				GCC_WARN_ABOUT_RETURN_TYPE = YES;
				GCC_WARN_UNINITIALIZED_AUTOS = YES;
				GCC_WARN_UNUSED_VARIABLE = YES;
				IPHONEOS_DEPLOYMENT_TARGET = 6.0;
				SDKROOT = iphoneos;
				VALIDATE_PRODUCT = YES;
			};
			name = Release;
		};
		ADFB0AE4162C99AB00AC5954 /* Debug */ = {
			isa = XCBuildConfiguration;
			buildSettings = {
				DSTROOT = /tmp/DXHTTPKit.dst;
				GCC_PRECOMPILE_PREFIX_HEADER = YES;
				GCC_PREFIX_HEADER = "DXHTTPKit/DXHTTPKit-Prefix.pch";
				OTHER_LDFLAGS = "-ObjC";
				PRODUCT_NAME = "$(TARGET_NAME)";
				SKIP_INSTALL = YES;
			};
			name = Debug;
		};
		ADFB0AE5162C99AB00AC5954 /* Release */ = {
			isa = XCBuildConfiguration;
			buildSettings = {
				DSTROOT = /tmp/DXHTTPKit.dst;
				GCC_PRECOMPILE_PREFIX_HEADER = YES;
				GCC_PREFIX_HEADER = "DXHTTPKit/DXHTTPKit-Prefix.pch";
				OTHER_LDFLAGS = "-ObjC";
				PRODUCT_NAME = "$(TARGET_NAME)";
				SKIP_INSTALL = YES;
			};
			name = Release;
		};
		ADFB0AE7162C99AB00AC5954 /* Debug */ = {
			isa = XCBuildConfiguration;
			baseConfigurationReference = 7B6A58196C7C4D9A8DE45EAD /* Pods-DXHTTPKitTests.xcconfig */;
			buildSettings = {
				FRAMEWORK_SEARCH_PATHS = (
					"\"$(SDKROOT)/Developer/Library/Frameworks\"",
					"\"$(DEVELOPER_LIBRARY_DIR)/Frameworks\"",
				);
				GCC_PRECOMPILE_PREFIX_HEADER = YES;
				GCC_PREFIX_HEADER = "DXHTTPKit/DXHTTPKit-Prefix.pch";
				INFOPLIST_FILE = "DXHTTPKitTests/DXHTTPKitTests-Info.plist";
				PRODUCT_NAME = "$(TARGET_NAME)";
				WRAPPER_EXTENSION = octest;
			};
			name = Debug;
		};
		ADFB0AE8162C99AB00AC5954 /* Release */ = {
			isa = XCBuildConfiguration;
			baseConfigurationReference = 7B6A58196C7C4D9A8DE45EAD /* Pods-DXHTTPKitTests.xcconfig */;
			buildSettings = {
				FRAMEWORK_SEARCH_PATHS = (
					"\"$(SDKROOT)/Developer/Library/Frameworks\"",
					"\"$(DEVELOPER_LIBRARY_DIR)/Frameworks\"",
				);
				GCC_PRECOMPILE_PREFIX_HEADER = YES;
				GCC_PREFIX_HEADER = "DXHTTPKit/DXHTTPKit-Prefix.pch";
				INFOPLIST_FILE = "DXHTTPKitTests/DXHTTPKitTests-Info.plist";
				PRODUCT_NAME = "$(TARGET_NAME)";
				WRAPPER_EXTENSION = octest;
			};
			name = Release;
		};
/* End XCBuildConfiguration section */

/* Begin XCConfigurationList section */
		ADFB0AB8162C99AB00AC5954 /* Build configuration list for PBXProject "DXHTTPKit" */ = {
			isa = XCConfigurationList;
			buildConfigurations = (
				ADFB0AE1162C99AB00AC5954 /* Debug */,
				ADFB0AE2162C99AB00AC5954 /* Release */,
			);
			defaultConfigurationIsVisible = 0;
			defaultConfigurationName = Release;
		};
		ADFB0AE3162C99AB00AC5954 /* Build configuration list for PBXNativeTarget "DXHTTPKit" */ = {
			isa = XCConfigurationList;
			buildConfigurations = (
				ADFB0AE4162C99AB00AC5954 /* Debug */,
				ADFB0AE5162C99AB00AC5954 /* Release */,
			);
			defaultConfigurationIsVisible = 0;
			defaultConfigurationName = Release;
		};
		ADFB0AE6162C99AB00AC5954 /* Build configuration list for PBXNativeTarget "DXHTTPKitTests" */ = {
			isa = XCConfigurationList;
			buildConfigurations = (
				ADFB0AE7162C99AB00AC5954 /* Debug */,
				ADFB0AE8162C99AB00AC5954 /* Release */,
			);
			defaultConfigurationIsVisible = 0;
			defaultConfigurationName = Release;
		};
/* End XCConfigurationList section */
	};
	rootObject = ADFB0AB5162C99AB00AC5954 /* Project object */;
}
